
Microsoft Visual Studio Solution File, Format Version 12.00
# Visual Studio 15
VisualStudioVersion = 15.0.28307.1231
MinimumVisualStudioVersion = 10.0.40219.1
Project("{FAE04EC0-301F-11D3-BF4B-00C04F79EFBC}") = "OpenTK_test", "OpenTK_test\OpenTK_test.csproj", "{116E186F-26D9-4D89-8DC3-365D324ECE50}"
EndProject
Global
	GlobalSection(SolutionConfigurationPlatforms) = preSolution
		Debug|Any CPU = Debug|Any CPU
		Release|Any CPU = Release|Any CPU
	EndGlobalSection
	GlobalSection(ProjectConfigurationPlatforms) = postSolution
		{116E186F-26D9-4D89-8DC3-365D324ECE50}.Debug|Any CPU.ActiveCfg = Debug|Any CPU
		{116E186F-26D9-4D89-8DC3-365D324ECE50}.Debug|Any CPU.Build.0 = Debug|Any CPU
		{116E186F-26D9-4D89-8DC3-365D324ECE50}.Release|Any CPU.ActiveCfg = Release|Any CPU
		{116E186F-26D9-4D89-8DC3-365D324ECE50}.Release|Any CPU.Build.0 = Release|Any CPU
	EndGlobalSection
	GlobalSection(SolutionProperties) = preSolution
		HideSolutionNode = FALSE
	EndGlobalSection
	GlobalSection(ExtensibilityGlobals) = postSolution
		SolutionGuid = {1AE63DAD-BF2C-4291-A08B-A7CC5C9C4158}
	EndGlobalSection
EndGlobal
